
Microsoft Visual Studio Solution File, Format Version 12.00
# Visual Studio Version 17
VisualStudioVersion = 17.2.32602.215
MinimumVisualStudioVersion = 10.0.40219.1
Project("{FAE04EC0-301F-11D3-BF4B-00C04F79EFBC}") = "MiniLTGRebuilderForm", "MiniLTGRebuilderForm.csproj", "{DC65D73A-61F7-470C-B969-6CF237DFECC2}"
EndProject
Global
	GlobalSection(SolutionConfigurationPlatforms) = preSolution
		Debug|Any CPU = Debug|Any CPU
		Release|Any CPU = Release|Any CPU
	EndGlobalSection
	GlobalSection(ProjectConfigurationPlatforms) = postSolution
		{DC65D73A-61F7-470C-B969-6CF237DFECC2}.Debug|Any CPU.ActiveCfg = Debug|Any CPU
		{DC65D73A-61F7-470C-B969-6CF237DFECC2}.Debug|Any CPU.Build.0 = Debug|Any CPU
		{DC65D73A-61F7-470C-B969-6CF237DFECC2}.Release|Any CPU.ActiveCfg = Release|Any CPU
		{DC65D73A-61F7-470C-B969-6CF237DFECC2}.Release|Any CPU.Build.0 = Release|Any CPU
	EndGlobalSection
	GlobalSection(SolutionProperties) = preSolution
		HideSolutionNode = FALSE
	EndGlobalSection
	GlobalSection(ExtensibilityGlobals) = postSolution
		SolutionGuid = {6F317C1E-CC7A-45FC-BB56-4A43A2850311}
	EndGlobalSection
EndGlobal
